<?xml version="1.0" encoding="utf-8"?>
<Project ToolsVersion="4.0" xmlns="http://schemas.microsoft.com/developer/msbuild/2003">
  <ItemGroup>
    <Filter Include="effects">
      <UniqueIdentifier>{736cf4ab-e0d6-40ba-912a-b062d28d318a}</UniqueIdentifier>
    </Filter>
    <Filter Include="actions">
      <UniqueIdentifier>{1c7c61b8-3d36-4ba0-a87c-457eb4c782d0}</UniqueIdentifier>
    </Filter>
    <Filter Include="include">
      <UniqueIdentifier>{0b3a64bd-79fa-476a-a461-6b97e5072453}</UniqueIdentifier>
    </Filter>
    <Filter Include="label_nodes">
      <UniqueIdentifier>{e455af5e-da09-4f41-b79f-df4dd311820d}</UniqueIdentifier>
    </Filter>
    <Filter Include="layers_scenes_transitions_nodes">
      <UniqueIdentifier>{206bd96b-f80e-4722-8675-d7c6ff9b3639}</UniqueIdentifier>
    </Filter>
    <Filter Include="menu_nodes">
      <UniqueIdentifier>{075492ba-08bc-404c-92da-32029797a600}</UniqueIdentifier>
    </Filter>
    <Filter Include="misc_nodes">
      <UniqueIdentifier>{41abe422-1602-4fe0-ac1c-6b04a14c1abb}</UniqueIdentifier>
    </Filter>
    <Filter Include="particle_nodes">
      <UniqueIdentifier>{8bf0f517-2ac3-4fc3-a1ad-999d9ea103cd}</UniqueIdentifier>
    </Filter>
    <Filter Include="platform">
      <UniqueIdentifier>{926fc31c-8742-4984-9940-c972dd02fc8a}</UniqueIdentifier>
    </Filter>
    <Filter Include="platform\win32">
      <UniqueIdentifier>{9428f8e6-4ce3-4596-b8af-14d70b7c5b5d}</UniqueIdentifier>
    </Filter>
    <Filter Include="sprite_nodes">
      <UniqueIdentifier>{755e5282-111e-46a5-9169-7c12b37f5ffc}</UniqueIdentifier>
    </Filter>
    <Filter Include="support">
      <UniqueIdentifier>{d94bbf20-8de9-49a7-ae20-6a1140cf633b}</UniqueIdentifier>
    </Filter>
    <Filter Include="support\data_support">
      <UniqueIdentifier>{4a64789e-cc8d-4f84-a869-e6dae2e0d58c}</UniqueIdentifier>
    </Filter>
    <Filter Include="support\image_support">
      <UniqueIdentifier>{bb98a889-9a48-4e31-af2f-117f14da388a}</UniqueIdentifier>
    </Filter>
    <Filter Include="support\zip_support">
      <UniqueIdentifier>{fdea327e-b905-47db-8c33-b70d7866166b}</UniqueIdentifier>
    </Filter>
    <Filter Include="textures">
      <UniqueIdentifier>{46c8d130-b8b5-47f5-a063-ca700e1c32cc}</UniqueIdentifier>
    </Filter>
    <Filter Include="tilemap_parallax_nodes">
      <UniqueIdentifier>{f2671200-b2d8-4d2e-9728-06719cf6f835}</UniqueIdentifier>
    </Filter>
    <Filter Include="keypad_dispatcher">
      <UniqueIdentifier>{3c91932f-7667-4049-b9bd-caac4c8eab15}</UniqueIdentifier>
    </Filter>
    <Filter Include="text_input_node">
      <UniqueIdentifier>{535c04b0-fe2b-44c9-9a8c-9029e2b6de5c}</UniqueIdentifier>
    </Filter>
    <Filter Include="kazmath">
      <UniqueIdentifier>{7751500e-ac9e-4604-a96d-670b30b7d8bd}</UniqueIdentifier>
    </Filter>
    <Filter Include="kazmath\include">
      <UniqueIdentifier>{b38113b1-3d59-4f6e-ac5a-f43921f6ed09}</UniqueIdentifier>
    </Filter>
    <Filter Include="kazmath\include\kazmath">
      <UniqueIdentifier>{569c49c9-27eb-456e-a3f4-9f403e28a3a1}</UniqueIdentifier>
    </Filter>
    <Filter Include="kazmath\include\kazmath\GL">
      <UniqueIdentifier>{191b3e94-47dc-4054-b1cb-bf145d281521}</UniqueIdentifier>
    </Filter>
    <Filter Include="kazmath\src">
      <UniqueIdentifier>{a91a4cc0-41e6-43e9-80c0-2c9101924386}</UniqueIdentifier>
    </Filter>
    <Filter Include="kazmath\src\GL">
      <UniqueIdentifier>{e278b354-1e41-4e92-95b3-7f661ba67140}</UniqueIdentifier>
    </Filter>
    <Filter Include="shaders">
      <UniqueIdentifier>{163895ae-8a8e-46bf-bdf2-98bb2c1347fc}</UniqueIdentifier>
    </Filter>
    <Filter Include="draw_nodes">
      <UniqueIdentifier>{1179d205-d065-49f0-8457-bc4c3f1d0cb3}</UniqueIdentifier>
    </Filter>
    <Filter Include="support\tinyxml2">
      <UniqueIdentifier>{cc25bb83-527d-4218-8d68-ebf963ce7698}</UniqueIdentifier>
    </Filter>
    <Filter Include="support\user_default">
      <UniqueIdentifier>{c45b97e8-fa1f-4e58-8ec5-d46371c2dd26}</UniqueIdentifier>
    </Filter>
    <Filter Include="support\component">
      <UniqueIdentifier>{485f1c18-d463-48d0-bcaa-a10e32aa3332}</UniqueIdentifier>
    </Filter>
    <Filter Include="base">
      <UniqueIdentifier>{eeec18bb-9bea-41ac-ae39-8a329487bc50}</UniqueIdentifier>
    </Filter>
    <Filter Include="audio">
      <UniqueIdentifier>{523db324-33d3-46c1-82be-e29a75420e0a}</UniqueIdentifier>
    </Filter>
    <Filter Include="audio\desktop">
      <UniqueIdentifier>{ed07e2b0-9da0-4ec0-89e2-b7c0f50af162}</UniqueIdentifier>
    </Filter>
    <Filter Include="network">
      <UniqueIdentifier>{5827a89e-8287-4d11-9351-9ff0278fcf73}</UniqueIdentifier>
    </Filter>
  </ItemGroup>
  <ItemGroup>
    <ClCompile Include="..\effects\Grabber.cpp">
      <Filter>effects</Filter>
    </ClCompile>
    <ClCompile Include="..\effects\Grid.cpp">
      <Filter>effects</Filter>
    </ClCompile>
    <ClCompile Include="..\actions\Action.cpp">
      <Filter>actions</Filter>
    </ClCompile>
    <ClCompile Include="..\actions\ActionCamera.cpp">
      <Filter>actions</Filter>
    </ClCompile>
    <ClCompile Include="..\actions\ActionCatmullRom.cpp">
      <Filter>actions</Filter>
    </ClCompile>
    <ClCompile Include="..\actions\ActionEase.cpp">
      <Filter>actions</Filter>
    </ClCompile>
    <ClCompile Include="..\actions\ActionGrid.cpp">
      <Filter>actions</Filter>
    </ClCompile>
    <ClCompile Include="..\actions\ActionGrid3D.cpp">
      <Filter>actions</Filter>
    </ClCompile>
    <ClCompile Include="..\actions\ActionInstant.cpp">
      <Filter>actions</Filter>
    </ClCompile>
    <ClCompile Include="..\actions\ActionInterval.cpp">
      <Filter>actions</Filter>
    </ClCompile>
    <ClCompile Include="..\actions\ActionManager.cpp">
      <Filter>actions</Filter>
    </ClCompile>
    <ClCompile Include="..\actions\ActionPageTurn3D.cpp">
      <Filter>actions</Filter>
    </ClCompile>
    <ClCompile Include="..\actions\ActionProgressTimer.cpp">
      <Filter>actions</Filter>
    </ClCompile>
    <ClCompile Include="..\actions\ActionTiledGrid.cpp">
      <Filter>actions</Filter>
    </ClCompile>
    <ClCompile Include="..\actions\ActionTween.cpp">
      <Filter>actions</Filter>
    </ClCompile>
    <ClCompile Include="..\label_nodes\LabelAtlas.cpp">
      <Filter>label_nodes</Filter>
    </ClCompile>
    <ClCompile Include="..\label_nodes\LabelBMFont.cpp">
      <Filter>label_nodes</Filter>
    </ClCompile>
    <ClCompile Include="..\label_nodes\LabelTTF.cpp">
      <Filter>label_nodes</Filter>
    </ClCompile>
    <ClCompile Include="..\layers_scenes_transitions_nodes\Layer.cpp">
      <Filter>layers_scenes_transitions_nodes</Filter>
    </ClCompile>
    <ClCompile Include="..\layers_scenes_transitions_nodes\Scene.cpp">
      <Filter>layers_scenes_transitions_nodes</Filter>
    </ClCompile>
    <ClCompile Include="..\layers_scenes_transitions_nodes\Transition.cpp">
      <Filter>layers_scenes_transitions_nodes</Filter>
    </ClCompile>
    <ClCompile Include="..\layers_scenes_transitions_nodes\TransitionPageTurn.cpp">
      <Filter>layers_scenes_transitions_nodes</Filter>
    </ClCompile>
    <ClCompile Include="..\layers_scenes_transitions_nodes\TransitionProgress.cpp">
      <Filter>layers_scenes_transitions_nodes</Filter>
    </ClCompile>
    <ClCompile Include="..\menu_nodes\Menu.cpp">
      <Filter>menu_nodes</Filter>
    </ClCompile>
    <ClCompile Include="..\menu_nodes\MenuItem.cpp">
      <Filter>menu_nodes</Filter>
    </ClCompile>
    <ClCompile Include="..\misc_nodes\MotionStreak.cpp">
      <Filter>misc_nodes</Filter>
    </ClCompile>
    <ClCompile Include="..\misc_nodes\ProgressTimer.cpp">
      <Filter>misc_nodes</Filter>
    </ClCompile>
    <ClCompile Include="..\misc_nodes\RenderTexture.cpp">
      <Filter>misc_nodes</Filter>
    </ClCompile>
    <ClCompile Include="..\particle_nodes\ParticleBatchNode.cpp">
      <Filter>particle_nodes</Filter>
    </ClCompile>
    <ClCompile Include="..\particle_nodes\ParticleExamples.cpp">
      <Filter>particle_nodes</Filter>
    </ClCompile>
    <ClCompile Include="..\particle_nodes\ParticleSystem.cpp">
      <Filter>particle_nodes</Filter>
    </ClCompile>
    <ClCompile Include="..\particle_nodes\ParticleSystemQuad.cpp">
      <Filter>particle_nodes</Filter>
    </ClCompile>
    <ClCompile Include="..\platform\GLView.cpp">
      <Filter>platform</Filter>
    </ClCompile>
    <ClCompile Include="..\platform\SAXParser.cpp">
      <Filter>platform</Filter>
    </ClCompile>
    <ClCompile Include="..\platform\Thread.cpp">
      <Filter>platform</Filter>
    </ClCompile>
    <ClCompile Include="..\platform\platform.cpp">
      <Filter>platform</Filter>
    </ClCompile>
    <ClCompile Include="..\platform\win32\Accelerometer.cpp">
      <Filter>platform\win32</Filter>
    </ClCompile>
    <ClCompile Include="..\platform\win32\Application.cpp">
      <Filter>platform\win32</Filter>
    </ClCompile>
    <ClCompile Include="..\platform\win32\Common.cpp">
      <Filter>platform\win32</Filter>
    </ClCompile>
    <ClCompile Include="..\platform\win32\GLViewImpl.cpp">
      <Filter>platform\win32</Filter>
    </ClCompile>
    <ClCompile Include="..\platform\win32\Image.cpp">
      <Filter>platform\win32</Filter>
    </ClCompile>
    <ClCompile Include="..\platform\win32\StdC.cpp">
      <Filter>platform\win32</Filter>
    </ClCompile>
    <ClCompile Include="..\sprite_nodes\Animation.cpp">
      <Filter>sprite_nodes</Filter>
    </ClCompile>
    <ClCompile Include="..\sprite_nodes\AnimationCache.cpp">
      <Filter>sprite_nodes</Filter>
    </ClCompile>
    <ClCompile Include="..\sprite_nodes\Sprite.cpp">
      <Filter>sprite_nodes</Filter>
    </ClCompile>
    <ClCompile Include="..\sprite_nodes\SpriteBatchNode.cpp">
      <Filter>sprite_nodes</Filter>
    </ClCompile>
    <ClCompile Include="..\sprite_nodes\SpriteFrame.cpp">
      <Filter>sprite_nodes</Filter>
    </ClCompile>
    <ClCompile Include="..\sprite_nodes\SpriteFrameCache.cpp">
      <Filter>sprite_nodes</Filter>
    </ClCompile>
    <ClCompile Include="..\support\base64.cpp">
      <Filter>support</Filter>
    </ClCompile>
    <ClCompile Include="..\support\NotificationCenter.cpp">
      <Filter>support</Filter>
    </ClCompile>
    <ClCompile Include="..\support\PointExtension.cpp">
      <Filter>support</Filter>
    </ClCompile>
    <ClCompile Include="..\support\Profiling.cpp">
      <Filter>support</Filter>
    </ClCompile>
    <ClCompile Include="..\support\ccUtils.cpp">
      <Filter>support</Filter>
    </ClCompile>
    <ClCompile Include="..\support\Vertex.cpp">
      <Filter>support</Filter>
    </ClCompile>
    <ClCompile Include="..\support\TransformUtils.cpp">
      <Filter>support</Filter>
    </ClCompile>
    <ClCompile Include="..\support\data_support\axCArray.cpp">
      <Filter>support\data_support</Filter>
    </ClCompile>
    <ClCompile Include="..\support\image_support\TGAlib.cpp">
      <Filter>support\image_support</Filter>
    </ClCompile>
    <ClCompile Include="..\support\zip_support\ioapi.cpp">
      <Filter>support\zip_support</Filter>
    </ClCompile>
    <ClCompile Include="..\support\zip_support\unzip.cpp">
      <Filter>support\zip_support</Filter>
    </ClCompile>
    <ClCompile Include="..\support\zip_support\ZipUtils.cpp">
      <Filter>support\zip_support</Filter>
    </ClCompile>
    <ClCompile Include="..\textures\Texture2D.cpp">
      <Filter>textures</Filter>
    </ClCompile>
    <ClCompile Include="..\textures\TextureAtlas.cpp">
      <Filter>textures</Filter>
    </ClCompile>
    <ClCompile Include="..\textures\TextureCache.cpp">
      <Filter>textures</Filter>
    </ClCompile>
    <ClCompile Include="..\textures\TexturePVR.cpp">
      <Filter>textures</Filter>
    </ClCompile>
    <ClCompile Include="..\tileMap_parallax_nodes\ParallaxNode.cpp">
      <Filter>tilemap_parallax_nodes</Filter>
    </ClCompile>
    <ClCompile Include="..\tileMap_parallax_nodes\TileMapAtlas.cpp">
      <Filter>tilemap_parallax_nodes</Filter>
    </ClCompile>
    <ClCompile Include="..\tileMap_parallax_nodes\TMXLayer.cpp">
      <Filter>tilemap_parallax_nodes</Filter>
    </ClCompile>
    <ClCompile Include="..\tileMap_parallax_nodes\TMXObjectGroup.cpp">
      <Filter>tilemap_parallax_nodes</Filter>
    </ClCompile>
    <ClCompile Include="..\tileMap_parallax_nodes\TMXTiledMap.cpp">
      <Filter>tilemap_parallax_nodes</Filter>
    </ClCompile>
    <ClCompile Include="..\tileMap_parallax_nodes\TMXXMLParser.cpp">
      <Filter>tilemap_parallax_nodes</Filter>
    </ClCompile>
    <ClCompile Include="..\keypad_dispatcher\KeypadDelegate.cpp">
      <Filter>keypad_dispatcher</Filter>
    </ClCompile>
    <ClCompile Include="..\keypad_dispatcher\KeypadDispatcher.cpp">
      <Filter>keypad_dispatcher</Filter>
    </ClCompile>
    <ClCompile Include="..\text_input_node\IMEDispatcher.cpp">
      <Filter>text_input_node</Filter>
    </ClCompile>
    <ClCompile Include="..\text_input_node\TextFieldTTF.cpp">
      <Filter>text_input_node</Filter>
    </ClCompile>
    <ClCompile Include="..\kazmath\src\aabb.c">
      <Filter>kazmath\src</Filter>
    </ClCompile>
    <ClCompile Include="..\kazmath\src\mat3.c">
      <Filter>kazmath\src</Filter>
    </ClCompile>
    <ClCompile Include="..\kazmath\src\mat4.c">
      <Filter>kazmath\src</Filter>
    </ClCompile>
    <ClCompile Include="..\kazmath\src\neon_matrix_impl.c">
      <Filter>kazmath\src</Filter>
    </ClCompile>
    <ClCompile Include="..\kazmath\src\plane.c">
      <Filter>kazmath\src</Filter>
    </ClCompile>
    <ClCompile Include="..\kazmath\src\quaternion.c">
      <Filter>kazmath\src</Filter>
    </ClCompile>
    <ClCompile Include="..\kazmath\src\ray2.c">
      <Filter>kazmath\src</Filter>
    </ClCompile>
    <ClCompile Include="..\kazmath\src\utility.c">
      <Filter>kazmath\src</Filter>
    </ClCompile>
    <ClCompile Include="..\kazmath\src\vec2.c">
      <Filter>kazmath\src</Filter>
    </ClCompile>
    <ClCompile Include="..\kazmath\src\vec3.c">
      <Filter>kazmath\src</Filter>
    </ClCompile>
    <ClCompile Include="..\kazmath\src\vec4.c">
      <Filter>kazmath\src</Filter>
    </ClCompile>
    <ClCompile Include="..\kazmath\src\GL\mat4stack.c">
      <Filter>kazmath\src\GL</Filter>
    </ClCompile>
    <ClCompile Include="..\kazmath\src\GL\matrix.c">
      <Filter>kazmath\src\GL</Filter>
    </ClCompile>
    <ClCompile Include="..\draw_nodes\DrawingPrimitives.cpp">
      <Filter>draw_nodes</Filter>
    </ClCompile>
    <ClCompile Include="..\draw_nodes\DrawNode.cpp">
      <Filter>draw_nodes</Filter>
    </ClCompile>
    <ClCompile Include="..\misc_nodes\ClippingNode.cpp">
      <Filter>misc_nodes</Filter>
    </ClCompile>
    <ClCompile Include="..\shaders\ccGLStateCache.cpp">
      <Filter>shaders</Filter>
    </ClCompile>
    <ClCompile Include="..\shaders\ShaderCache.cpp">
      <Filter>shaders</Filter>
    </ClCompile>
    <ClCompile Include="..\shaders\ccShaders.cpp">
      <Filter>shaders</Filter>
    </ClCompile>
    <ClCompile Include="..\shaders\GLProgram.cpp">
      <Filter>shaders</Filter>
    </ClCompile>
    <ClCompile Include="..\platform\win32\FileUtilsWin32.cpp">
      <Filter>platform\win32</Filter>
    </ClCompile>
    <ClCompile Include="..\platform\FileUtils.cpp">
      <Filter>platform</Filter>
    </ClCompile>
    <ClCompile Include="..\platform\ImageCommonWebp.cpp">
      <Filter>platform</Filter>
    </ClCompile>
    <ClCompile Include="..\platform\win32\Device.cpp">
      <Filter>platform\win32</Filter>
    </ClCompile>
    <ClCompile Include="..\support\ccUTF8.cpp">
      <Filter>support</Filter>
    </ClCompile>
    <ClCompile Include="..\support\user_default\UserDefault.cpp">
      <Filter>support\user_default</Filter>
    </ClCompile>
    <ClCompile Include="..\support\tinyxml2\tinyxml2.cpp">
      <Filter>support\tinyxml2</Filter>
    </ClCompile>
    <ClCompile Include="..\textures\TextureETC.cpp">
      <Filter>textures</Filter>
    </ClCompile>
    <ClCompile Include="..\support\component\Component.cpp">
      <Filter>support\component</Filter>
    </ClCompile>
    <ClCompile Include="..\support\component\ComponentContainer.cpp">
      <Filter>support\component</Filter>
    </ClCompile>
    <ClCompile Include="pch.cpp" />
    <ClCompile Include="..\base\Director.cpp">
      <Filter>base</Filter>
    </ClCompile>
    <ClCompile Include="..\base\Scheduler.cpp">
      <Filter>base</Filter>
    </ClCompile>
    <ClCompile Include="..\base\Configuration.cpp">
      <Filter>base</Filter>
    </ClCompile>
    <ClCompile Include="..\base\Event.cpp">
      <Filter>base</Filter>
    </ClCompile>
    <ClCompile Include="..\base\EventDispatcher.cpp">
      <Filter>base</Filter>
    </ClCompile>
    <ClCompile Include="..\base\Touch.cpp">
      <Filter>base</Filter>
    </ClCompile>
    <ClCompile Include="..\support\StringUtils.cpp">
      <Filter>support</Filter>
    </ClCompile>
    <ClCompile Include="..\base\AutoreleasePool.cpp">
      <Filter>base</Filter>
    </ClCompile>
    <ClCompile Include="..\base\PoolManager.cpp">
      <Filter>base</Filter>
    </ClCompile>
    <ClCompile Include="..\base\Types.cpp">
      <Filter>base</Filter>
    </ClCompile>
    <ClCompile Include="..\axolotl.cpp" />
    <ClCompile Include="..\base\Camera.cpp">
      <Filter>base</Filter>
    </ClCompile>
    <ClCompile Include="..\base\Object.cpp">
      <Filter>base</Filter>
    </ClCompile>
    <ClCompile Include="..\base\Dictionary.cpp">
      <Filter>base</Filter>
    </ClCompile>
    <ClCompile Include="..\base\NS.cpp">
      <Filter>base</Filter>
    </ClCompile>
    <ClCompile Include="..\base\Set.cpp">
      <Filter>base</Filter>
    </ClCompile>
    <ClCompile Include="..\base\String.cpp">
      <Filter>base</Filter>
    </ClCompile>
    <ClCompile Include="..\base\Zone.cpp">
      <Filter>base</Filter>
    </ClCompile>
    <ClCompile Include="..\base\AffineTransform.cpp">
      <Filter>base</Filter>
    </ClCompile>
    <ClCompile Include="..\base\Array.cpp">
      <Filter>base</Filter>
    </ClCompile>
    <ClCompile Include="..\base\DataVisitor.cpp">
      <Filter>base</Filter>
    </ClCompile>
    <ClCompile Include="..\base\Node.cpp">
      <Filter>base</Filter>
    </ClCompile>
    <ClCompile Include="..\base\AtlasNode.cpp">
      <Filter>base</Filter>
    </ClCompile>
    <ClCompile Include="..\support\RandomUtils.cpp">
      <Filter>support</Filter>
    </ClCompile>
    <ClCompile Include="..\base\BMFontCache.cpp">
      <Filter>base</Filter>
    </ClCompile>
    <ClCompile Include="..\base\Value.cpp">
      <Filter>base</Filter>
    </ClCompile>
    <ClCompile Include="..\audio\desktop\AudioEngine-desktop.cpp">
      <Filter>audio\desktop</Filter>
    </ClCompile>
    <ClCompile Include="..\network\HttpClient.cpp">
      <Filter>network</Filter>
    </ClCompile>
  </ItemGroup>
  <ItemGroup>
    <ClInclude Include="..\effects\Grabber.h">
      <Filter>effects</Filter>
    </ClInclude>
    <ClInclude Include="..\effects\Grid.h">
      <Filter>effects</Filter>
    </ClInclude>
    <ClInclude Include="..\actions\Action.h">
      <Filter>actions</Filter>
    </ClInclude>
    <ClInclude Include="..\actions\ActionCamera.h">
      <Filter>actions</Filter>
    </ClInclude>
    <ClInclude Include="..\actions\ActionCatmullRom.h">
      <Filter>actions</Filter>
    </ClInclude>
    <ClInclude Include="..\actions\ActionEase.h">
      <Filter>actions</Filter>
    </ClInclude>
    <ClInclude Include="..\actions\ActionGrid.h">
      <Filter>actions</Filter>
    </ClInclude>
    <ClInclude Include="..\actions\ActionGrid3D.h">
      <Filter>actions</Filter>
    </ClInclude>
    <ClInclude Include="..\actions\ActionInstant.h">
      <Filter>actions</Filter>
    </ClInclude>
    <ClInclude Include="..\actions\ActionInterval.h">
      <Filter>actions</Filter>
    </ClInclude>
    <ClInclude Include="..\actions\ActionManager.h">
      <Filter>actions</Filter>
    </ClInclude>
    <ClInclude Include="..\actions\ActionPageTurn3D.h">
      <Filter>actions</Filter>
    </ClInclude>
    <ClInclude Include="..\actions\ActionProgressTimer.h">
      <Filter>actions</Filter>
    </ClInclude>
    <ClInclude Include="..\actions\ActionTiledGrid.h">
      <Filter>actions</Filter>
    </ClInclude>
    <ClInclude Include="..\actions\ActionTween.h">
      <Filter>actions</Filter>
    </ClInclude>
    <ClInclude Include="..\include\ccConfig.h">
      <Filter>include</Filter>
    </ClInclude>
    <ClInclude Include="..\include\EventType.h">
      <Filter>include</Filter>
    </ClInclude>
    <ClInclude Include="..\include\ccMacros.h">
      <Filter>include</Filter>
    </ClInclude>
    <ClInclude Include="..\include\Protocols.h">
      <Filter>include</Filter>
    </ClInclude>
    <ClInclude Include="..\label_nodes\LabelAtlas.h">
      <Filter>label_nodes</Filter>
    </ClInclude>
    <ClInclude Include="..\label_nodes\LabelBMFont.h">
      <Filter>label_nodes</Filter>
    </ClInclude>
    <ClInclude Include="..\label_nodes\LabelTTF.h">
      <Filter>label_nodes</Filter>
    </ClInclude>
    <ClInclude Include="..\layers_scenes_transitions_nodes\Layer.h">
      <Filter>layers_scenes_transitions_nodes</Filter>
    </ClInclude>
    <ClInclude Include="..\layers_scenes_transitions_nodes\Scene.h">
      <Filter>layers_scenes_transitions_nodes</Filter>
    </ClInclude>
    <ClInclude Include="..\layers_scenes_transitions_nodes\Transition.h">
      <Filter>layers_scenes_transitions_nodes</Filter>
    </ClInclude>
    <ClInclude Include="..\layers_scenes_transitions_nodes\TransitionPageTurn.h">
      <Filter>layers_scenes_transitions_nodes</Filter>
    </ClInclude>
    <ClInclude Include="..\layers_scenes_transitions_nodes\TransitionProgress.h">
      <Filter>layers_scenes_transitions_nodes</Filter>
    </ClInclude>
    <ClInclude Include="..\menu_nodes\Menu.h">
      <Filter>menu_nodes</Filter>
    </ClInclude>
    <ClInclude Include="..\menu_nodes\MenuItem.h">
      <Filter>menu_nodes</Filter>
    </ClInclude>
    <ClInclude Include="..\misc_nodes\MotionStreak.h">
      <Filter>misc_nodes</Filter>
    </ClInclude>
    <ClInclude Include="..\misc_nodes\ProgressTimer.h">
      <Filter>misc_nodes</Filter>
    </ClInclude>
    <ClInclude Include="..\misc_nodes\RenderTexture.h">
      <Filter>misc_nodes</Filter>
    </ClInclude>
    <ClInclude Include="..\particle_nodes\ParticleBatchNode.h">
      <Filter>particle_nodes</Filter>
    </ClInclude>
    <ClInclude Include="..\particle_nodes\ParticleExamples.h">
      <Filter>particle_nodes</Filter>
    </ClInclude>
    <ClInclude Include="..\particle_nodes\ParticleSystem.h">
      <Filter>particle_nodes</Filter>
    </ClInclude>
    <ClInclude Include="..\particle_nodes\ParticleSystemQuad.h">
      <Filter>particle_nodes</Filter>
    </ClInclude>
    <ClInclude Include="..\platform\AccelerometerDelegate.h">
      <Filter>platform</Filter>
    </ClInclude>
    <ClInclude Include="..\platform\ApplicationProtocol.h">
      <Filter>platform</Filter>
    </ClInclude>
    <ClInclude Include="..\platform\Common.h">
      <Filter>platform</Filter>
    </ClInclude>
    <ClInclude Include="..\platform\GLView.h">
      <Filter>platform</Filter>
    </ClInclude>
    <ClInclude Include="..\platform\FileUtils.h">
      <Filter>platform</Filter>
    </ClInclude>
    <ClInclude Include="..\platform\Image.h">
      <Filter>platform</Filter>
    </ClInclude>
    <ClInclude Include="..\platform\ImageCommon_cpp.h">
      <Filter>platform</Filter>
    </ClInclude>
    <ClInclude Include="..\platform\PlatformConfig.h">
      <Filter>platform</Filter>
    </ClInclude>
    <ClInclude Include="..\platform\PlatformMacros.h">
      <Filter>platform</Filter>
    </ClInclude>
    <ClInclude Include="..\platform\SAXParser.h">
      <Filter>platform</Filter>
    </ClInclude>
    <ClInclude Include="..\platform\Thread.h">
      <Filter>platform</Filter>
    </ClInclude>
    <ClInclude Include="..\platform\platform.h">
      <Filter>platform</Filter>
    </ClInclude>
    <ClInclude Include="..\platform\win32\Accelerometer.h">
      <Filter>platform\win32</Filter>
    </ClInclude>
    <ClInclude Include="..\platform\win32\Application.h">
      <Filter>platform\win32</Filter>
    </ClInclude>
    <ClInclude Include="..\platform\win32\GLViewImpl.h">
      <Filter>platform\win32</Filter>
    </ClInclude>
    <ClInclude Include="..\platform\win32\GL.h">
      <Filter>platform\win32</Filter>
    </ClInclude>
    <ClInclude Include="..\platform\win32\PlatformDefine.h">
      <Filter>platform\win32</Filter>
    </ClInclude>
    <ClInclude Include="..\platform\win32\StdC.h">
      <Filter>platform\win32</Filter>
    </ClInclude>
    <ClInclude Include="..\sprite_nodes\Animation.h">
      <Filter>sprite_nodes</Filter>
    </ClInclude>
    <ClInclude Include="..\sprite_nodes\AnimationCache.h">
      <Filter>sprite_nodes</Filter>
    </ClInclude>
    <ClInclude Include="..\sprite_nodes\Sprite.h">
      <Filter>sprite_nodes</Filter>
    </ClInclude>
    <ClInclude Include="..\sprite_nodes\SpriteBatchNode.h">
      <Filter>sprite_nodes</Filter>
    </ClInclude>
    <ClInclude Include="..\sprite_nodes\SpriteFrame.h">
      <Filter>sprite_nodes</Filter>
    </ClInclude>
    <ClInclude Include="..\sprite_nodes\SpriteFrameCache.h">
      <Filter>sprite_nodes</Filter>
    </ClInclude>
    <ClInclude Include="..\support\base64.h">
      <Filter>support</Filter>
    </ClInclude>
    <ClInclude Include="..\support\NotificationCenter.h">
      <Filter>support</Filter>
    </ClInclude>
    <ClInclude Include="..\support\PointExtension.h">
      <Filter>support</Filter>
    </ClInclude>
    <ClInclude Include="..\support\Profiling.h">
      <Filter>support</Filter>
    </ClInclude>
    <ClInclude Include="..\support\ccUtils.h">
      <Filter>support</Filter>
    </ClInclude>
    <ClInclude Include="..\support\Vertex.h">
      <Filter>support</Filter>
    </ClInclude>
    <ClInclude Include="..\support\TransformUtils.h">
      <Filter>support</Filter>
    </ClInclude>
    <ClInclude Include="..\support\data_support\axCArray.h">
      <Filter>support\data_support</Filter>
    </ClInclude>
    <ClInclude Include="..\support\data_support\uthash.h">
      <Filter>support\data_support</Filter>
    </ClInclude>
    <ClInclude Include="..\support\data_support\utlist.h">
      <Filter>support\data_support</Filter>
    </ClInclude>
    <ClInclude Include="..\support\image_support\TGAlib.h">
      <Filter>support\image_support</Filter>
    </ClInclude>
    <ClInclude Include="..\support\zip_support\ioapi.h">
      <Filter>support\zip_support</Filter>
    </ClInclude>
    <ClInclude Include="..\support\zip_support\unzip.h">
      <Filter>support\zip_support</Filter>
    </ClInclude>
    <ClInclude Include="..\support\zip_support\ZipUtils.h">
      <Filter>support\zip_support</Filter>
    </ClInclude>
    <ClInclude Include="..\textures\Texture2D.h">
      <Filter>textures</Filter>
    </ClInclude>
    <ClInclude Include="..\textures\TextureAtlas.h">
      <Filter>textures</Filter>
    </ClInclude>
    <ClInclude Include="..\textures\TextureCache.h">
      <Filter>textures</Filter>
    </ClInclude>
    <ClInclude Include="..\textures\TexturePVR.h">
      <Filter>textures</Filter>
    </ClInclude>
    <ClInclude Include="..\tileMap_parallax_nodes\ParallaxNode.h">
      <Filter>tilemap_parallax_nodes</Filter>
    </ClInclude>
    <ClInclude Include="..\tileMap_parallax_nodes\TileMapAtlas.h">
      <Filter>tilemap_parallax_nodes</Filter>
    </ClInclude>
    <ClInclude Include="..\tileMap_parallax_nodes\TMXLayer.h">
      <Filter>tilemap_parallax_nodes</Filter>
    </ClInclude>
    <ClInclude Include="..\tileMap_parallax_nodes\TMXObjectGroup.h">
      <Filter>tilemap_parallax_nodes</Filter>
    </ClInclude>
    <ClInclude Include="..\tileMap_parallax_nodes\TMXTiledMap.h">
      <Filter>tilemap_parallax_nodes</Filter>
    </ClInclude>
    <ClInclude Include="..\tileMap_parallax_nodes\TMXXMLParser.h">
      <Filter>tilemap_parallax_nodes</Filter>
    </ClInclude>
    <ClInclude Include="..\keypad_dispatcher\KeypadDelegate.h">
      <Filter>keypad_dispatcher</Filter>
    </ClInclude>
    <ClInclude Include="..\keypad_dispatcher\KeypadDispatcher.h">
      <Filter>keypad_dispatcher</Filter>
    </ClInclude>
    <ClInclude Include="..\text_input_node\IMEDelegate.h">
      <Filter>text_input_node</Filter>
    </ClInclude>
    <ClInclude Include="..\text_input_node\IMEDispatcher.h">
      <Filter>text_input_node</Filter>
    </ClInclude>
    <ClInclude Include="..\text_input_node\TextFieldTTF.h">
      <Filter>text_input_node</Filter>
    </ClInclude>
    <ClInclude Include="..\kazmath\include\kazmath\aabb.h">
      <Filter>kazmath\include\kazmath</Filter>
    </ClInclude>
    <ClInclude Include="..\kazmath\include\kazmath\kazmath.h">
      <Filter>kazmath\include\kazmath</Filter>
    </ClInclude>
    <ClInclude Include="..\kazmath\include\kazmath\mat3.h">
      <Filter>kazmath\include\kazmath</Filter>
    </ClInclude>
    <ClInclude Include="..\kazmath\include\kazmath\mat4.h">
      <Filter>kazmath\include\kazmath</Filter>
    </ClInclude>
    <ClInclude Include="..\kazmath\include\kazmath\neon_matrix_impl.h">
      <Filter>kazmath\include\kazmath</Filter>
    </ClInclude>
    <ClInclude Include="..\kazmath\include\kazmath\plane.h">
      <Filter>kazmath\include\kazmath</Filter>
    </ClInclude>
    <ClInclude Include="..\kazmath\include\kazmath\quaternion.h">
      <Filter>kazmath\include\kazmath</Filter>
    </ClInclude>
    <ClInclude Include="..\kazmath\include\kazmath\ray2.h">
      <Filter>kazmath\include\kazmath</Filter>
    </ClInclude>
    <ClInclude Include="..\kazmath\include\kazmath\utility.h">
      <Filter>kazmath\include\kazmath</Filter>
    </ClInclude>
    <ClInclude Include="..\kazmath\include\kazmath\vec2.h">
      <Filter>kazmath\include\kazmath</Filter>
    </ClInclude>
    <ClInclude Include="..\kazmath\include\kazmath\vec3.h">
      <Filter>kazmath\include\kazmath</Filter>
    </ClInclude>
    <ClInclude Include="..\kazmath\include\kazmath\vec4.h">
      <Filter>kazmath\include\kazmath</Filter>
    </ClInclude>
    <ClInclude Include="..\kazmath\include\kazmath\GL\mat4stack.h">
      <Filter>kazmath\include\kazmath\GL</Filter>
    </ClInclude>
    <ClInclude Include="..\kazmath\include\kazmath\GL\matrix.h">
      <Filter>kazmath\include\kazmath\GL</Filter>
    </ClInclude>
    <ClInclude Include="..\draw_nodes\DrawingPrimitives.h">
      <Filter>draw_nodes</Filter>
    </ClInclude>
    <ClInclude Include="..\draw_nodes\DrawNode.h">
      <Filter>draw_nodes</Filter>
    </ClInclude>
    <ClInclude Include="..\misc_nodes\ClippingNode.h">
      <Filter>misc_nodes</Filter>
    </ClInclude>
    <ClInclude Include="..\shaders\ccGLStateCache.h">
      <Filter>shaders</Filter>
    </ClInclude>
    <ClInclude Include="..\shaders\ccShader_Position_uColor_frag.h">
      <Filter>shaders</Filter>
    </ClInclude>
    <ClInclude Include="..\shaders\ccShader_Position_uColor_vert.h">
      <Filter>shaders</Filter>
    </ClInclude>
    <ClInclude Include="..\shaders\ccShader_PositionColor_frag.h">
      <Filter>shaders</Filter>
    </ClInclude>
    <ClInclude Include="..\shaders\ccShader_PositionColor_vert.h">
      <Filter>shaders</Filter>
    </ClInclude>
    <ClInclude Include="..\shaders\ccShader_PositionColorLengthTexture_frag.h">
      <Filter>shaders</Filter>
    </ClInclude>
    <ClInclude Include="..\shaders\ccShader_PositionColorLengthTexture_vert.h">
      <Filter>shaders</Filter>
    </ClInclude>
    <ClInclude Include="..\shaders\ccShader_PositionTexture_frag.h">
      <Filter>shaders</Filter>
    </ClInclude>
    <ClInclude Include="..\shaders\ccShader_PositionTexture_uColor_frag.h">
      <Filter>shaders</Filter>
    </ClInclude>
    <ClInclude Include="..\shaders\ccShader_PositionTexture_uColor_vert.h">
      <Filter>shaders</Filter>
    </ClInclude>
    <ClInclude Include="..\shaders\ccShader_PositionTexture_vert.h">
      <Filter>shaders</Filter>
    </ClInclude>
    <ClInclude Include="..\shaders\ccShader_PositionTextureA8Color_frag.h">
      <Filter>shaders</Filter>
    </ClInclude>
    <ClInclude Include="..\shaders\ccShader_PositionTextureA8Color_vert.h">
      <Filter>shaders</Filter>
    </ClInclude>
    <ClInclude Include="..\shaders\ccShader_PositionTextureColor_frag.h">
      <Filter>shaders</Filter>
    </ClInclude>
    <ClInclude Include="..\shaders\ccShader_PositionTextureColor_vert.h">
      <Filter>shaders</Filter>
    </ClInclude>
    <ClInclude Include="..\shaders\ccShader_PositionTextureColorAlphaTest_frag.h">
      <Filter>shaders</Filter>
    </ClInclude>
    <ClInclude Include="..\shaders\ShaderCache.h">
      <Filter>shaders</Filter>
    </ClInclude>
    <ClInclude Include="..\shaders\ccShaderEx_SwitchMask_frag.h">
      <Filter>shaders</Filter>
    </ClInclude>
    <ClInclude Include="..\shaders\ccShaders.h">
      <Filter>shaders</Filter>
    </ClInclude>
    <ClInclude Include="..\shaders\GLProgram.h">
      <Filter>shaders</Filter>
    </ClInclude>
    <ClInclude Include="..\platform\win32\FileUtilsWin32.h">
      <Filter>platform\win32</Filter>
    </ClInclude>
    <ClInclude Include="..\support\ccUTF8.h">
      <Filter>support</Filter>
    </ClInclude>
    <ClInclude Include="..\support\user_default\UserDefault.h">
      <Filter>support\user_default</Filter>
    </ClInclude>
    <ClInclude Include="..\support\tinyxml2\tinyxml2.h">
      <Filter>support\tinyxml2</Filter>
    </ClInclude>
    <ClInclude Include="..\textures\TextureETC.h">
      <Filter>textures</Filter>
    </ClInclude>
    <ClInclude Include="..\support\component\Component.h">
      <Filter>support\component</Filter>
    </ClInclude>
    <ClInclude Include="..\support\component\ComponentContainer.h">
      <Filter>support\component</Filter>
    </ClInclude>
    <ClInclude Include="pch.h" />
    <ClInclude Include="..\base\Director.h">
      <Filter>base</Filter>
    </ClInclude>
    <ClInclude Include="..\base\Scheduler.h">
      <Filter>base</Filter>
    </ClInclude>
    <ClInclude Include="..\base\Configuration.h">
      <Filter>base</Filter>
    </ClInclude>
    <ClInclude Include="..\base\Event.h">
      <Filter>base</Filter>
    </ClInclude>
    <ClInclude Include="..\base\EventDispatcher.h">
      <Filter>base</Filter>
    </ClInclude>
    <ClInclude Include="..\base\Touch.h">
      <Filter>base</Filter>
    </ClInclude>
    <ClInclude Include="..\support\StringUtils.h">
      <Filter>support</Filter>
    </ClInclude>
    <ClInclude Include="..\base\AutoreleasePool.h">
      <Filter>base</Filter>
    </ClInclude>
    <ClInclude Include="..\base\PoolManager.h">
      <Filter>base</Filter>
    </ClInclude>
    <ClInclude Include="..\base\Types.h">
      <Filter>base</Filter>
    </ClInclude>
    <ClInclude Include="..\axolotl.h" />
    <ClInclude Include="..\base\Camera.h">
      <Filter>base</Filter>
    </ClInclude>
    <ClInclude Include="..\base\Object.h">
      <Filter>base</Filter>
    </ClInclude>
    <ClInclude Include="..\base\Dictionary.h">
      <Filter>base</Filter>
    </ClInclude>
    <ClInclude Include="..\base\Double.h">
      <Filter>base</Filter>
    </ClInclude>
    <ClInclude Include="..\base\Float.h">
      <Filter>base</Filter>
    </ClInclude>
    <ClInclude Include="..\base\Integer.h">
      <Filter>base</Filter>
    </ClInclude>
    <ClInclude Include="..\base\NS.h">
      <Filter>base</Filter>
    </ClInclude>
    <ClInclude Include="..\base\Set.h">
      <Filter>base</Filter>
    </ClInclude>
    <ClInclude Include="..\base\String.h">
      <Filter>base</Filter>
    </ClInclude>
    <ClInclude Include="..\base\Zone.h">
      <Filter>base</Filter>
    </ClInclude>
    <ClInclude Include="..\base\AffineTransform.h">
      <Filter>base</Filter>
    </ClInclude>
    <ClInclude Include="..\base\Array.h">
      <Filter>base</Filter>
    </ClInclude>
    <ClInclude Include="..\base\Bool.h">
      <Filter>base</Filter>
    </ClInclude>
    <ClInclude Include="..\base\DataVisitor.h">
      <Filter>base</Filter>
    </ClInclude>
    <ClInclude Include="..\base\Node.h">
      <Filter>base</Filter>
    </ClInclude>
    <ClInclude Include="..\base\AtlasNode.h">
      <Filter>base</Filter>
    </ClInclude>
    <ClInclude Include="..\support\RandomUtils.h">
      <Filter>support</Filter>
    </ClInclude>
    <ClInclude Include="..\base\BMFontCache.h">
      <Filter>base</Filter>
    </ClInclude>
    <ClInclude Include="..\base\Value.h">
      <Filter>base</Filter>
    </ClInclude>
    <ClInclude Include="..\audio\AudioEngine.h">
      <Filter>audio</Filter>
    </ClInclude>
    <ClInclude Include="..\network\HttpClient.h">
      <Filter>network</Filter>
    </ClInclude>
    <ClInclude Include="..\network\HttpRequest.h">
      <Filter>network</Filter>
    </ClInclude>
    <ClInclude Include="..\network\HttpResponse.h">
      <Filter>network</Filter>
    </ClInclude>
  </ItemGroup>
</Project>