<?xml version="1.0" encoding="utf-8"?>
<Project ToolsVersion="4.0" xmlns="http://schemas.microsoft.com/developer/msbuild/2003">
  <ItemGroup>
    <Filter Include="GUI">
      <UniqueIdentifier>{202b519b-b5e0-499f-b3b8-ed5da144b248}</UniqueIdentifier>
    </Filter>
    <Filter Include="GUI\ControlExtension">
      <UniqueIdentifier>{c07abd14-e9dd-4e2d-85c4-a180070161b4}</UniqueIdentifier>
    </Filter>
    <Filter Include="GUI\ScrollView">
      <UniqueIdentifier>{46797895-f71d-4ddb-b381-d0884e678d39}</UniqueIdentifier>
    </Filter>
    <Filter Include="network">
      <UniqueIdentifier>{2a7741ff-87a5-41c8-8e51-d7a1cf0c8e4d}</UniqueIdentifier>
    </Filter>
  </ItemGroup>
  <ItemGroup>
    <ClCompile Include="..\GUI\ScrollView\ScrollView.cpp">
      <Filter>GUI\ScrollView</Filter>
    </ClCompile>
    <ClCompile Include="..\network\HttpClient.cpp">
      <Filter>network</Filter>
    </ClCompile>
    <ClCompile Include="..\GUI\ScrollView\Sorting.cpp">
      <Filter>GUI\ScrollView</Filter>
    </ClCompile>
    <ClCompile Include="..\GUI\ScrollView\TableView.cpp">
      <Filter>GUI\ScrollView</Filter>
    </ClCompile>
    <ClCompile Include="..\GUI\ScrollView\TableViewCell.cpp">
      <Filter>GUI\ScrollView</Filter>
    </ClCompile>
    <ClCompile Include="..\GUI\ControlExtension\ControlColourPicker.cpp">
      <Filter>GUI\ControlExtension</Filter>
    </ClCompile>
    <ClCompile Include="..\GUI\ControlExtension\ControlHuePicker.cpp">
      <Filter>GUI\ControlExtension</Filter>
    </ClCompile>
    <ClCompile Include="..\GUI\ControlExtension\ControlPotentiometer.cpp">
      <Filter>GUI\ControlExtension</Filter>
    </ClCompile>
    <ClCompile Include="..\GUI\ControlExtension\ControlSaturationBrightnessPicker.cpp">
      <Filter>GUI\ControlExtension</Filter>
    </ClCompile>
    <ClCompile Include="..\GUI\ControlExtension\ControlSlider.cpp">
      <Filter>GUI\ControlExtension</Filter>
    </ClCompile>
    <ClCompile Include="..\GUI\ControlExtension\ControlStepper.cpp">
      <Filter>GUI\ControlExtension</Filter>
    </ClCompile>
    <ClCompile Include="..\GUI\ControlExtension\ControlSwitch.cpp">
      <Filter>GUI\ControlExtension</Filter>
    </ClCompile>
    <ClCompile Include="..\GUI\ControlExtension\ControlUtils.cpp">
      <Filter>GUI\ControlExtension</Filter>
    </ClCompile>
    <ClCompile Include="..\GUI\ControlExtension\Invocation.cpp">
      <Filter>GUI\ControlExtension</Filter>
    </ClCompile>
    <ClCompile Include="..\GUI\ControlExtension\Scale9Sprite.cpp">
      <Filter>GUI\ControlExtension</Filter>
    </ClCompile>
    <ClCompile Include="..\GUI\ControlExtension\Control.cpp">
      <Filter>GUI\ControlExtension</Filter>
    </ClCompile>
    <ClCompile Include="..\GUI\ControlExtension\ControlButton.cpp">
      <Filter>GUI\ControlExtension</Filter>
    </ClCompile>
    <ClCompile Include="..\network\Websocket.cpp">
      <Filter>network</Filter>
    </ClCompile>
    <ClCompile Include="pch.cpp" />
  </ItemGroup>
  <ItemGroup>
    <ClInclude Include="..\GUI\ScrollView\ScrollView.h">
      <Filter>GUI\ScrollView</Filter>
    </ClInclude>
    <ClInclude Include="..\cocos-ext.h" />
    <ClInclude Include="..\ExtensionMacros.h" />
    <ClInclude Include="..\network\HttpClient.h">
      <Filter>network</Filter>
    </ClInclude>
    <ClInclude Include="..\network\HttpRequest.h">
      <Filter>network</Filter>
    </ClInclude>
    <ClInclude Include="..\network\HttpResponse.h">
      <Filter>network</Filter>
    </ClInclude>
    <ClInclude Include="..\GUI\ScrollView\Sorting.h">
      <Filter>GUI\ScrollView</Filter>
    </ClInclude>
    <ClInclude Include="..\GUI\ScrollView\TableView.h">
      <Filter>GUI\ScrollView</Filter>
    </ClInclude>
    <ClInclude Include="..\GUI\ScrollView\TableViewCell.h">
      <Filter>GUI\ScrollView</Filter>
    </ClInclude>
    <ClInclude Include="..\GUI\ControlExtension\ControlButton.h">
      <Filter>GUI\ControlExtension</Filter>
    </ClInclude>
    <ClInclude Include="..\GUI\ControlExtension\ControlColourPicker.h">
      <Filter>GUI\ControlExtension</Filter>
    </ClInclude>
    <ClInclude Include="..\GUI\ControlExtension\ControlExtensions.h">
      <Filter>GUI\ControlExtension</Filter>
    </ClInclude>
    <ClInclude Include="..\GUI\ControlExtension\ControlHuePicker.h">
      <Filter>GUI\ControlExtension</Filter>
    </ClInclude>
    <ClInclude Include="..\GUI\ControlExtension\ControlPotentiometer.h">
      <Filter>GUI\ControlExtension</Filter>
    </ClInclude>
    <ClInclude Include="..\GUI\ControlExtension\ControlSaturationBrightnessPicker.h">
      <Filter>GUI\ControlExtension</Filter>
    </ClInclude>
    <ClInclude Include="..\GUI\ControlExtension\ControlSlider.h">
      <Filter>GUI\ControlExtension</Filter>
    </ClInclude>
    <ClInclude Include="..\GUI\ControlExtension\ControlStepper.h">
      <Filter>GUI\ControlExtension</Filter>
    </ClInclude>
    <ClInclude Include="..\GUI\ControlExtension\ControlSwitch.h">
      <Filter>GUI\ControlExtension</Filter>
    </ClInclude>
    <ClInclude Include="..\GUI\ControlExtension\ControlUtils.h">
      <Filter>GUI\ControlExtension</Filter>
    </ClInclude>
    <ClInclude Include="..\GUI\ControlExtension\Invocation.h">
      <Filter>GUI\ControlExtension</Filter>
    </ClInclude>
    <ClInclude Include="..\GUI\ControlExtension\Scale9Sprite.h">
      <Filter>GUI\ControlExtension</Filter>
    </ClInclude>
    <ClInclude Include="..\GUI\ControlExtension\Control.h">
      <Filter>GUI\ControlExtension</Filter>
    </ClInclude>
    <ClInclude Include="..\ExtensionExport.h" />
    <ClInclude Include="pch.h" />
  </ItemGroup>
  <ItemGroup>
    <ClInclude Include="..\network\Websocket.h">
      <Filter>network</Filter>
    </ClInclude>
  </ItemGroup>
</Project>